# This file is automatically @generated by Cargo.
# It is not intended for manual editing.
version = 3

[[package]]
name = "cs50"
version = "1.0.1"
source = "registry+https://github.com/rust-lang/crates.io-index"
checksum = "35e35fb3541022e655a4ea482ab47f1cccfd034849e52bfd5c566ddc7140a2d0"

[[package]]
name = "mario"
version = "0.1.0"
dependencies = [
 "cs50",
]
